{
  "object": {
    "pins": [
      {
        "package": "SwiftUICharts",
        "repositoryURL": "https://github.com/AppPear/ChartView.git",
        "state": {
          "branch": "new-version",
          "revision": "7861bbcad138feb91162cd448f0a54caa5ca639e",
          "version": null
        }
      },
      {
        "package": "PartialSheet",
        "repositoryURL": "https://github.com/AndreaMiotto/PartialSheet.git",
        "state": {
          "branch": null,
          "revision": "45b8e76c67aaa799e65e607930efc3b1dac07a1c",
          "version": "2.1.12"
        }
      },
      {
        "package": "StarRating",
        "repositoryURL": "https://github.com/dkk/StarRating",
        "state": {
          "branch": null,
          "revision": "89dba504097ddd4166bb118d615e201619a1602f",
          "version": "2.0.0"
        }
      }
    ]
  },
  "version": 1
}
