// !$*UTF8*$!
{
	archiveVersion = 1;
	classes = {
	};
	objectVersion = 50;
	objects = {

/* Begin PBXBuildFile section */
		A07E4FC22585D22B00F25600 /* AppDelegate.swift in Sources */ = {isa = PBXBuildFile; fileRef = A07E4FC12585D22B00F25600 /* AppDelegate.swift */; };
		A07E4FC42585D22B00F25600 /* SceneDelegate.swift in Sources */ = {isa = PBXBuildFile; fileRef = A07E4FC32585D22B00F25600 /* SceneDelegate.swift */; };
		A07E4FC62585D22B00F25600 /* ViewController.swift in Sources */ = {isa = PBXBuildFile; fileRef = A07E4FC52585D22B00F25600 /* ViewController.swift */; };
		A07E4FC92585D22B00F25600 /* Main.storyboard in Resources */ = {isa = PBXBuildFile; fileRef = A07E4FC72585D22B00F25600 /* Main.storyboard */; };
		A07E4FCB2585D22C00F25600 /* Assets.xcassets in Resources */ = {isa = PBXBuildFile; fileRef = A07E4FCA2585D22C00F25600 /* Assets.xcassets */; };
		A07E4FCE2585D22C00F25600 /* LaunchScreen.storyboard in Resources */ = {isa = PBXBuildFile; fileRef = A07E4FCC2585D22C00F25600 /* LaunchScreen.storyboard */; };
		A07E4FD92585D22C00F25600 /* hangangTests.swift in Sources */ = {isa = PBXBuildFile; fileRef = A07E4FD82585D22C00F25600 /* hangangTests.swift */; };
		A07E4FE42585D22C00F25600 /* hangangUITests.swift in Sources */ = {isa = PBXBuildFile; fileRef = A07E4FE32585D22C00F25600 /* hangangUITests.swift */; };
/* End PBXBuildFile section */

/* Begin PBXContainerItemProxy section */
		A07E4FD52585D22C00F25600 /* PBXContainerItemProxy */ = {
			isa = PBXContainerItemProxy;
			containerPortal = A07E4FB62585D22B00F25600 /* Project object */;
			proxyType = 1;
			remoteGlobalIDString = A07E4FBD2585D22B00F25600;
			remoteInfo = hangang;
		};
		A07E4FE02585D22C00F25600 /* PBXContainerItemProxy */ = {
			isa = PBXContainerItemProxy;
			containerPortal = A07E4FB62585D22B00F25600 /* Project object */;
			proxyType = 1;
			remoteGlobalIDString = A07E4FBD2585D22B00F25600;
			remoteInfo = hangang;
		};
/* End PBXContainerItemProxy section */

/* Begin PBXFileReference section */
		A07E4FBE2585D22B00F25600 /* hangang.app */ = {isa = PBXFileReference; explicitFileType = wrapper.application; includeInIndex = 0; path = hangang.app; sourceTree = BUILT_PRODUCTS_DIR; };
		A07E4FC12585D22B00F25600 /* AppDelegate.swift */ = {isa = PBXFileReference; lastKnownFileType = sourcecode.swift; path = AppDelegate.swift; sourceTree = "<group>"; };
		A07E4FC32585D22B00F25600 /* SceneDelegate.swift */ = {isa = PBXFileReference; lastKnownFileType = sourcecode.swift; path = SceneDelegate.swift; sourceTree = "<group>"; };
		A07E4FC52585D22B00F25600 /* ViewController.swift */ = {isa = PBXFileReference; lastKnownFileType = sourcecode.swift; path = ViewController.swift; sourceTree = "<group>"; };
		A07E4FC82585D22B00F25600 /* Base */ = {isa = PBXFileReference; lastKnownFileType = file.storyboard; name = Base; path = Base.lproj/Main.storyboard; sourceTree = "<group>"; };
		A07E4FCA2585D22C00F25600 /* Assets.xcassets */ = {isa = PBXFileReference; lastKnownFileType = folder.assetcatalog; path = Assets.xcassets; sourceTree = "<group>"; };
		A07E4FCD2585D22C00F25600 /* Base */ = {isa = PBXFileReference; lastKnownFileType = file.storyboard; name = Base; path = Base.lproj/LaunchScreen.storyboard; sourceTree = "<group>"; };
		A07E4FCF2585D22C00F25600 /* Info.plist */ = {isa = PBXFileReference; lastKnownFileType = text.plist.xml; path = Info.plist; sourceTree = "<group>"; };
		A07E4FD42585D22C00F25600 /* hangangTests.xctest */ = {isa = PBXFileReference; explicitFileType = wrapper.cfbundle; includeInIndex = 0; path = hangangTests.xctest; sourceTree = BUILT_PRODUCTS_DIR; };
		A07E4FD82585D22C00F25600 /* hangangTests.swift */ = {isa = PBXFileReference; lastKnownFileType = sourcecode.swift; path = hangangTests.swift; sourceTree = "<group>"; };
		A07E4FDA2585D22C00F25600 /* Info.plist */ = {isa = PBXFileReference; lastKnownFileType = text.plist.xml; path = Info.plist; sourceTree = "<group>"; };
		A07E4FDF2585D22C00F25600 /* hangangUITests.xctest */ = {isa = PBXFileReference; explicitFileType = wrapper.cfbundle; includeInIndex = 0; path = hangangUITests.xctest; sourceTree = BUILT_PRODUCTS_DIR; };
		A07E4FE32585D22C00F25600 /* hangangUITests.swift */ = {isa = PBXFileReference; lastKnownFileType = sourcecode.swift; path = hangangUITests.swift; sourceTree = "<group>"; };
		A07E4FE52585D22C00F25600 /* Info.plist */ = {isa = PBXFileReference; lastKnownFileType = text.plist.xml; path = Info.plist; sourceTree = "<group>"; };
/* End PBXFileReference section */

/* Begin PBXFrameworksBuildPhase section */
		A07E4FBB2585D22B00F25600 /* Frameworks */ = {
			isa = PBXFrameworksBuildPhase;
			buildActionMask = 2147483647;
			files = (
			);
			runOnlyForDeploymentPostprocessing = 0;
		};
		A07E4FD12585D22C00F25600 /* Frameworks */ = {
			isa = PBXFrameworksBuildPhase;
			buildActionMask = 2147483647;
			files = (
			);
			runOnlyForDeploymentPostprocessing = 0;
		};
		A07E4FDC2585D22C00F25600 /* Frameworks */ = {
			isa = PBXFrameworksBuildPhase;
			buildActionMask = 2147483647;
			files = (
			);
			runOnlyForDeploymentPostprocessing = 0;
		};
/* End PBXFrameworksBuildPhase section */

/* Begin PBXGroup section */
		A07E4FB52585D22B00F25600 = {
			isa = PBXGroup;
			children = (
				A07E4FC02585D22B00F25600 /* hangang */,
				A07E4FD72585D22C00F25600 /* hangangTests */,
				A07E4FE22585D22C00F25600 /* hangangUITests */,
				A07E4FBF2585D22B00F25600 /* Products */,
			);
			sourceTree = "<group>";
		};
		A07E4FBF2585D22B00F25600 /* Products */ = {
			isa = PBXGroup;
			children = (
				A07E4FBE2585D22B00F25600 /* hangang.app */,
				A07E4FD42585D22C00F25600 /* hangangTests.xctest */,
				A07E4FDF2585D22C00F25600 /* hangangUITests.xctest */,
			);
			name = Products;
			sourceTree = "<group>";
		};
		A07E4FC02585D22B00F25600 /* hangang */ = {
			isa = PBXGroup;
			children = (
				A07E4FC12585D22B00F25600 /* AppDelegate.swift */,
				A07E4FC32585D22B00F25600 /* SceneDelegate.swift */,
				A07E4FC52585D22B00F25600 /* ViewController.swift */,
				A07E4FC72585D22B00F25600 /* Main.storyboard */,
				A07E4FCA2585D22C00F25600 /* Assets.xcassets */,
				A07E4FCC2585D22C00F25600 /* LaunchScreen.storyboard */,
				A07E4FCF2585D22C00F25600 /* Info.plist */,
			);
			path = hangang;
			sourceTree = "<group>";
		};
		A07E4FD72585D22C00F25600 /* hangangTests */ = {
			isa = PBXGroup;
			children = (
				A07E4FD82585D22C00F25600 /* hangangTests.swift */,
				A07E4FDA2585D22C00F25600 /* Info.plist */,
			);
			path = hangangTests;
			sourceTree = "<group>";
		};
		A07E4FE22585D22C00F25600 /* hangangUITests */ = {
			isa = PBXGroup;
			children = (
				A07E4FE32585D22C00F25600 /* hangangUITests.swift */,
				A07E4FE52585D22C00F25600 /* Info.plist */,
			);
			path = hangangUITests;
			sourceTree = "<group>";
		};
/* End PBXGroup section */

/* Begin PBXNativeTarget section */
		A07E4FBD2585D22B00F25600 /* hangang */ = {
			isa = PBXNativeTarget;
			buildConfigurationList = A07E4FE82585D22C00F25600 /* Build configuration list for PBXNativeTarget "hangang" */;
			buildPhases = (
				A07E4FBA2585D22B00F25600 /* Sources */,
				A07E4FBB2585D22B00F25600 /* Frameworks */,
				A07E4FBC2585D22B00F25600 /* Resources */,
			);
			buildRules = (
			);
			dependencies = (
			);
			name = hangang;
			productName = hangang;
			productReference = A07E4FBE2585D22B00F25600 /* hangang.app */;
			productType = "com.apple.product-type.application";
		};
		A07E4FD32585D22C00F25600 /* hangangTests */ = {
			isa = PBXNativeTarget;
			buildConfigurationList = A07E4FEB2585D22C00F25600 /* Build configuration list for PBXNativeTarget "hangangTests" */;
			buildPhases = (
				A07E4FD02585D22C00F25600 /* Sources */,
				A07E4FD12585D22C00F25600 /* Frameworks */,
				A07E4FD22585D22C00F25600 /* Resources */,
			);
			buildRules = (
			);
			dependencies = (
				A07E4FD62585D22C00F25600 /* PBXTargetDependency */,
			);
			name = hangangTests;
			productName = hangangTests;
			productReference = A07E4FD42585D22C00F25600 /* hangangTests.xctest */;
			productType = "com.apple.product-type.bundle.unit-test";
		};
		A07E4FDE2585D22C00F25600 /* hangangUITests */ = {
			isa = PBXNativeTarget;
			buildConfigurationList = A07E4FEE2585D22C00F25600 /* Build configuration list for PBXNativeTarget "hangangUITests" */;
			buildPhases = (
				A07E4FDB2585D22C00F25600 /* Sources */,
				A07E4FDC2585D22C00F25600 /* Frameworks */,
				A07E4FDD2585D22C00F25600 /* Resources */,
			);
			buildRules = (
			);
			dependencies = (
				A07E4FE12585D22C00F25600 /* PBXTargetDependency */,
			);
			name = hangangUITests;
			productName = hangangUITests;
			productReference = A07E4FDF2585D22C00F25600 /* hangangUITests.xctest */;
			productType = "com.apple.product-type.bundle.ui-testing";
		};
/* End PBXNativeTarget section */

/* Begin PBXProject section */
		A07E4FB62585D22B00F25600 /* Project object */ = {
			isa = PBXProject;
			attributes = {
				LastSwiftUpdateCheck = 1220;
				LastUpgradeCheck = 1220;
				TargetAttributes = {
					A07E4FBD2585D22B00F25600 = {
						CreatedOnToolsVersion = 12.2;
					};
					A07E4FD32585D22C00F25600 = {
						CreatedOnToolsVersion = 12.2;
						TestTargetID = A07E4FBD2585D22B00F25600;
					};
					A07E4FDE2585D22C00F25600 = {
						CreatedOnToolsVersion = 12.2;
						TestTargetID = A07E4FBD2585D22B00F25600;
					};
				};
			};
			buildConfigurationList = A07E4FB92585D22B00F25600 /* Build configuration list for PBXProject "hangang" */;
			compatibilityVersion = "Xcode 9.3";
			developmentRegion = en;
			hasScannedForEncodings = 0;
			knownRegions = (
				en,
				Base,
			);
			mainGroup = A07E4FB52585D22B00F25600;
			productRefGroup = A07E4FBF2585D22B00F25600 /* Products */;
			projectDirPath = "";
			projectRoot = "";
			targets = (
				A07E4FBD2585D22B00F25600 /* hangang */,
				A07E4FD32585D22C00F25600 /* hangangTests */,
				A07E4FDE2585D22C00F25600 /* hangangUITests */,
			);
		};
/* End PBXProject section */

/* Begin PBXResourcesBuildPhase section */
		A07E4FBC2585D22B00F25600 /* Resources */ = {
			isa = PBXResourcesBuildPhase;
			buildActionMask = 2147483647;
			files = (
				A07E4FCE2585D22C00F25600 /* LaunchScreen.storyboard in Resources */,
				A07E4FCB2585D22C00F25600 /* Assets.xcassets in Resources */,
				A07E4FC92585D22B00F25600 /* Main.storyboard in Resources */,
			);
			runOnlyForDeploymentPostprocessing = 0;
		};
		A07E4FD22585D22C00F25600 /* Resources */ = {
			isa = PBXResourcesBuildPhase;
			buildActionMask = 2147483647;
			files = (
			);
			runOnlyForDeploymentPostprocessing = 0;
		};
		A07E4FDD2585D22C00F25600 /* Resources */ = {
			isa = PBXResourcesBuildPhase;
			buildActionMask = 2147483647;
			files = (
			);
			runOnlyForDeploymentPostprocessing = 0;
		};
/* End PBXResourcesBuildPhase section */

/* Begin PBXSourcesBuildPhase section */
		A07E4FBA2585D22B00F25600 /* Sources */ = {
			isa = PBXSourcesBuildPhase;
			buildActionMask = 2147483647;
			files = (
				A07E4FC62585D22B00F25600 /* ViewController.swift in Sources */,
				A07E4FC22585D22B00F25600 /* AppDelegate.swift in Sources */,
				A07E4FC42585D22B00F25600 /* SceneDelegate.swift in Sources */,
			);
			runOnlyForDeploymentPostprocessing = 0;
		};
		A07E4FD02585D22C00F25600 /* Sources */ = {
			isa = PBXSourcesBuildPhase;
			buildActionMask = 2147483647;
			files = (
				A07E4FD92585D22C00F25600 /* hangangTests.swift in Sources */,
			);
			runOnlyForDeploymentPostprocessing = 0;
		};
		A07E4FDB2585D22C00F25600 /* Sources */ = {
			isa = PBXSourcesBuildPhase;
			buildActionMask = 2147483647;
			files = (
				A07E4FE42585D22C00F25600 /* hangangUITests.swift in Sources */,
			);
			runOnlyForDeploymentPostprocessing = 0;
		};
/* End PBXSourcesBuildPhase section */

/* Begin PBXTargetDependency section */
		A07E4FD62585D22C00F25600 /* PBXTargetDependency */ = {
			isa = PBXTargetDependency;
			target = A07E4FBD2585D22B00F25600 /* hangang */;
			targetProxy = A07E4FD52585D22C00F25600 /* PBXContainerItemProxy */;
		};
		A07E4FE12585D22C00F25600 /* PBXTargetDependency */ = {
			isa = PBXTargetDependency;
			target = A07E4FBD2585D22B00F25600 /* hangang */;
			targetProxy = A07E4FE02585D22C00F25600 /* PBXContainerItemProxy */;
		};
/* End PBXTargetDependency section */

/* Begin PBXVariantGroup section */
		A07E4FC72585D22B00F25600 /* Main.storyboard */ = {
			isa = PBXVariantGroup;
			children = (
				A07E4FC82585D22B00F25600 /* Base */,
			);
			name = Main.storyboard;
			sourceTree = "<group>";
		};
		A07E4FCC2585D22C00F25600 /* LaunchScreen.storyboard */ = {
			isa = PBXVariantGroup;
			children = (
				A07E4FCD2585D22C00F25600 /* Base */,
			);
			name = LaunchScreen.storyboard;
			sourceTree = "<group>";
		};
/* End PBXVariantGroup section */

/* Begin XCBuildConfiguration section */
		A07E4FE62585D22C00F25600 /* Debug */ = {
			isa = XCBuildConfiguration;
			buildSettings = {
				ALWAYS_SEARCH_USER_PATHS = NO;
				CLANG_ANALYZER_NONNULL = YES;
				CLANG_ANALYZER_NUMBER_OBJECT_CONVERSION = YES_AGGRESSIVE;
				CLANG_CXX_LANGUAGE_STANDARD = "gnu++14";
				CLANG_CXX_LIBRARY = "libc++";
				CLANG_ENABLE_MODULES = YES;
				CLANG_ENABLE_OBJC_ARC = YES;
				CLANG_ENABLE_OBJC_WEAK = YES;
				CLANG_WARN_BLOCK_CAPTURE_AUTORELEASING = YES;
				CLANG_WARN_BOOL_CONVERSION = YES;
				CLANG_WARN_COMMA = YES;
				CLANG_WARN_CONSTANT_CONVERSION = YES;
				CLANG_WARN_DEPRECATED_OBJC_IMPLEMENTATIONS = YES;
				CLANG_WARN_DIRECT_OBJC_ISA_USAGE = YES_ERROR;
				CLANG_WARN_DOCUMENTATION_COMMENTS = YES;
				CLANG_WARN_EMPTY_BODY = YES;
				CLANG_WARN_ENUM_CONVERSION = YES;
				CLANG_WARN_INFINITE_RECURSION = YES;
				CLANG_WARN_INT_CONVERSION = YES;
				CLANG_WARN_NON_LITERAL_NULL_CONVERSION = YES;
				CLANG_WARN_OBJC_IMPLICIT_RETAIN_SELF = YES;
				CLANG_WARN_OBJC_LITERAL_CONVERSION = YES;
				CLANG_WARN_OBJC_ROOT_CLASS = YES_ERROR;
				CLANG_WARN_QUOTED_INCLUDE_IN_FRAMEWORK_HEADER = YES;
				CLANG_WARN_RANGE_LOOP_ANALYSIS = YES;
				CLANG_WARN_STRICT_PROTOTYPES = YES;
				CLANG_WARN_SUSPICIOUS_MOVE = YES;
				CLANG_WARN_UNGUARDED_AVAILABILITY = YES_AGGRESSIVE;
				CLANG_WARN_UNREACHABLE_CODE = YES;
				CLANG_WARN__DUPLICATE_METHOD_MATCH = YES;
				COPY_PHASE_STRIP = NO;
				DEBUG_INFORMATION_FORMAT = dwarf;
				ENABLE_STRICT_OBJC_MSGSEND = YES;
				ENABLE_TESTABILITY = YES;
				GCC_C_LANGUAGE_STANDARD = gnu11;
				GCC_DYNAMIC_NO_PIC = NO;
				GCC_NO_COMMON_BLOCKS = YES;
				GCC_OPTIMIZATION_LEVEL = 0;
				GCC_PREPROCESSOR_DEFINITIONS = (
					"DEBUG=1",
					"$(inherited)",
				);
				GCC_WARN_64_TO_32_BIT_CONVERSION = YES;
				GCC_WARN_ABOUT_RETURN_TYPE = YES_ERROR;
				GCC_WARN_UNDECLARED_SELECTOR = YES;
				GCC_WARN_UNINITIALIZED_AUTOS = YES_AGGRESSIVE;
				GCC_WARN_UNUSED_FUNCTION = YES;
				GCC_WARN_UNUSED_VARIABLE = YES;
				IPHONEOS_DEPLOYMENT_TARGET = 14.2;
				MTL_ENABLE_DEBUG_INFO = INCLUDE_SOURCE;
				MTL_FAST_MATH = YES;
				ONLY_ACTIVE_ARCH = YES;
				SDKROOT = iphoneos;
				SWIFT_ACTIVE_COMPILATION_CONDITIONS = DEBUG;
				SWIFT_OPTIMIZATION_LEVEL = "-Onone";
			};
			name = Debug;
		};
		A07E4FE72585D22C00F25600 /* Release */ = {
			isa = XCBuildConfiguration;
			buildSettings = {
				ALWAYS_SEARCH_USER_PATHS = NO;
				CLANG_ANALYZER_NONNULL = YES;
				CLANG_ANALYZER_NUMBER_OBJECT_CONVERSION = YES_AGGRESSIVE;
				CLANG_CXX_LANGUAGE_STANDARD = "gnu++14";
				CLANG_CXX_LIBRARY = "libc++";
				CLANG_ENABLE_MODULES = YES;
				CLANG_ENABLE_OBJC_ARC = YES;
				CLANG_ENABLE_OBJC_WEAK = YES;
				CLANG_WARN_BLOCK_CAPTURE_AUTORELEASING = YES;
				CLANG_WARN_BOOL_CONVERSION = YES;
				CLANG_WARN_COMMA = YES;
				CLANG_WARN_CONSTANT_CONVERSION = YES;
				CLANG_WARN_DEPRECATED_OBJC_IMPLEMENTATIONS = YES;
				CLANG_WARN_DIRECT_OBJC_ISA_USAGE = YES_ERROR;
				CLANG_WARN_DOCUMENTATION_COMMENTS = YES;
				CLANG_WARN_EMPTY_BODY = YES;
				CLANG_WARN_ENUM_CONVERSION = YES;
				CLANG_WARN_INFINITE_RECURSION = YES;
				CLANG_WARN_INT_CONVERSION = YES;
				CLANG_WARN_NON_LITERAL_NULL_CONVERSION = YES;
				CLANG_WARN_OBJC_IMPLICIT_RETAIN_SELF = YES;
				CLANG_WARN_OBJC_LITERAL_CONVERSION = YES;
				CLANG_WARN_OBJC_ROOT_CLASS = YES_ERROR;
				CLANG_WARN_QUOTED_INCLUDE_IN_FRAMEWORK_HEADER = YES;
				CLANG_WARN_RANGE_LOOP_ANALYSIS = YES;
				CLANG_WARN_STRICT_PROTOTYPES = YES;
				CLANG_WARN_SUSPICIOUS_MOVE = YES;
				CLANG_WARN_UNGUARDED_AVAILABILITY = YES_AGGRESSIVE;
				CLANG_WARN_UNREACHABLE_CODE = YES;
				CLANG_WARN__DUPLICATE_METHOD_MATCH = YES;
				COPY_PHASE_STRIP = NO;
				DEBUG_INFORMATION_FORMAT = "dwarf-with-dsym";
				ENABLE_NS_ASSERTIONS = NO;
				ENABLE_STRICT_OBJC_MSGSEND = YES;
				GCC_C_LANGUAGE_STANDARD = gnu11;
				GCC_NO_COMMON_BLOCKS = YES;
				GCC_WARN_64_TO_32_BIT_CONVERSION = YES;
				GCC_WARN_ABOUT_RETURN_TYPE = YES_ERROR;
				GCC_WARN_UNDECLARED_SELECTOR = YES;
				GCC_WARN_UNINITIALIZED_AUTOS = YES_AGGRESSIVE;
				GCC_WARN_UNUSED_FUNCTION = YES;
				GCC_WARN_UNUSED_VARIABLE = YES;
				IPHONEOS_DEPLOYMENT_TARGET = 14.2;
				MTL_ENABLE_DEBUG_INFO = NO;
				MTL_FAST_MATH = YES;
				SDKROOT = iphoneos;
				SWIFT_COMPILATION_MODE = wholemodule;
				SWIFT_OPTIMIZATION_LEVEL = "-O";
				VALIDATE_PRODUCT = YES;
			};
			name = Release;
		};
		A07E4FE92585D22C00F25600 /* Debug */ = {
			isa = XCBuildConfiguration;
			buildSettings = {
				ASSETCATALOG_COMPILER_APPICON_NAME = AppIcon;
				ASSETCATALOG_COMPILER_GLOBAL_ACCENT_COLOR_NAME = AccentColor;
				CODE_SIGN_STYLE = Automatic;
				DEVELOPMENT_TEAM = K626UYGR25;
				INFOPLIST_FILE = hangang/Info.plist;
				LD_RUNPATH_SEARCH_PATHS = (
					"$(inherited)",
					"@executable_path/Frameworks",
				);
				PRODUCT_BUNDLE_IDENTIFIER = com.bcsdlab.hangang;
				PRODUCT_NAME = "$(TARGET_NAME)";
				SWIFT_VERSION = 5.0;
				TARGETED_DEVICE_FAMILY = "1,2";
			};
			name = Debug;
		};
		A07E4FEA2585D22C00F25600 /* Release */ = {
			isa = XCBuildConfiguration;
			buildSettings = {
				ASSETCATALOG_COMPILER_APPICON_NAME = AppIcon;
				ASSETCATALOG_COMPILER_GLOBAL_ACCENT_COLOR_NAME = AccentColor;
				CODE_SIGN_STYLE = Automatic;
				DEVELOPMENT_TEAM = K626UYGR25;
				INFOPLIST_FILE = hangang/Info.plist;
				LD_RUNPATH_SEARCH_PATHS = (
					"$(inherited)",
					"@executable_path/Frameworks",
				);
				PRODUCT_BUNDLE_IDENTIFIER = com.bcsdlab.hangang;
				PRODUCT_NAME = "$(TARGET_NAME)";
				SWIFT_VERSION = 5.0;
				TARGETED_DEVICE_FAMILY = "1,2";
			};
			name = Release;
		};
		A07E4FEC2585D22C00F25600 /* Debug */ = {
			isa = XCBuildConfiguration;
			buildSettings = {
				ALWAYS_EMBED_SWIFT_STANDARD_LIBRARIES = YES;
				BUNDLE_LOADER = "$(TEST_HOST)";
				CODE_SIGN_STYLE = Automatic;
				DEVELOPMENT_TEAM = K626UYGR25;
				INFOPLIST_FILE = hangangTests/Info.plist;
				IPHONEOS_DEPLOYMENT_TARGET = 14.2;
				LD_RUNPATH_SEARCH_PATHS = (
					"$(inherited)",
					"@executable_path/Frameworks",
					"@loader_path/Frameworks",
				);
				PRODUCT_BUNDLE_IDENTIFIER = com.bcsdlab.hangangTests;
				PRODUCT_NAME = "$(TARGET_NAME)";
				SWIFT_VERSION = 5.0;
				TARGETED_DEVICE_FAMILY = "1,2";
				TEST_HOST = "$(BUILT_PRODUCTS_DIR)/hangang.app/hangang";
			};
			name = Debug;
		};
		A07E4FED2585D22C00F25600 /* Release */ = {
			isa = XCBuildConfiguration;
			buildSettings = {
				ALWAYS_EMBED_SWIFT_STANDARD_LIBRARIES = YES;
				BUNDLE_LOADER = "$(TEST_HOST)";
				CODE_SIGN_STYLE = Automatic;
				DEVELOPMENT_TEAM = K626UYGR25;
				INFOPLIST_FILE = hangangTests/Info.plist;
				IPHONEOS_DEPLOYMENT_TARGET = 14.2;
				LD_RUNPATH_SEARCH_PATHS = (
					"$(inherited)",
					"@executable_path/Frameworks",
					"@loader_path/Frameworks",
				);
				PRODUCT_BUNDLE_IDENTIFIER = com.bcsdlab.hangangTests;
				PRODUCT_NAME = "$(TARGET_NAME)";
				SWIFT_VERSION = 5.0;
				TARGETED_DEVICE_FAMILY = "1,2";
				TEST_HOST = "$(BUILT_PRODUCTS_DIR)/hangang.app/hangang";
			};
			name = Release;
		};
		A07E4FEF2585D22C00F25600 /* Debug */ = {
			isa = XCBuildConfiguration;
			buildSettings = {
				ALWAYS_EMBED_SWIFT_STANDARD_LIBRARIES = YES;
				CODE_SIGN_STYLE = Automatic;
				DEVELOPMENT_TEAM = K626UYGR25;
				INFOPLIST_FILE = hangangUITests/Info.plist;
				LD_RUNPATH_SEARCH_PATHS = (
					"$(inherited)",
					"@executable_path/Frameworks",
					"@loader_path/Frameworks",
				);
				PRODUCT_BUNDLE_IDENTIFIER = com.bcsdlab.hangangUITests;
				PRODUCT_NAME = "$(TARGET_NAME)";
				SWIFT_VERSION = 5.0;
				TARGETED_DEVICE_FAMILY = "1,2";
				TEST_TARGET_NAME = hangang;
			};
			name = Debug;
		};
		A07E4FF02585D22C00F25600 /* Release */ = {
			isa = XCBuildConfiguration;
			buildSettings = {
				ALWAYS_EMBED_SWIFT_STANDARD_LIBRARIES = YES;
				CODE_SIGN_STYLE = Automatic;
				DEVELOPMENT_TEAM = K626UYGR25;
				INFOPLIST_FILE = hangangUITests/Info.plist;
				LD_RUNPATH_SEARCH_PATHS = (
					"$(inherited)",
					"@executable_path/Frameworks",
					"@loader_path/Frameworks",
				);
				PRODUCT_BUNDLE_IDENTIFIER = com.bcsdlab.hangangUITests;
				PRODUCT_NAME = "$(TARGET_NAME)";
				SWIFT_VERSION = 5.0;
				TARGETED_DEVICE_FAMILY = "1,2";
				TEST_TARGET_NAME = hangang;
			};
			name = Release;
		};
/* End XCBuildConfiguration section */

/* Begin XCConfigurationList section */
		A07E4FB92585D22B00F25600 /* Build configuration list for PBXProject "hangang" */ = {
			isa = XCConfigurationList;
			buildConfigurations = (
				A07E4FE62585D22C00F25600 /* Debug */,
				A07E4FE72585D22C00F25600 /* Release */,
			);
			defaultConfigurationIsVisible = 0;
			defaultConfigurationName = Release;
		};
		A07E4FE82585D22C00F25600 /* Build configuration list for PBXNativeTarget "hangang" */ = {
			isa = XCConfigurationList;
			buildConfigurations = (
				A07E4FE92585D22C00F25600 /* Debug */,
				A07E4FEA2585D22C00F25600 /* Release */,
			);
			defaultConfigurationIsVisible = 0;
			defaultConfigurationName = Release;
		};
		A07E4FEB2585D22C00F25600 /* Build configuration list for PBXNativeTarget "hangangTests" */ = {
			isa = XCConfigurationList;
			buildConfigurations = (
				A07E4FEC2585D22C00F25600 /* Debug */,
				A07E4FED2585D22C00F25600 /* Release */,
			);
			defaultConfigurationIsVisible = 0;
			defaultConfigurationName = Release;
		};
		A07E4FEE2585D22C00F25600 /* Build configuration list for PBXNativeTarget "hangangUITests" */ = {
			isa = XCConfigurationList;
			buildConfigurations = (
				A07E4FEF2585D22C00F25600 /* Debug */,
				A07E4FF02585D22C00F25600 /* Release */,
			);
			defaultConfigurationIsVisible = 0;
			defaultConfigurationName = Release;
		};
/* End XCConfigurationList section */
	};
	rootObject = A07E4FB62585D22B00F25600 /* Project object */;
}
